
Microsoft Visual Studio Solution File, Format Version 12.00
# Visual Studio 15
VisualStudioVersion = 15.0.26403.7
MinimumVisualStudioVersion = 10.0.40219.1
Project("{FAE04EC0-301F-11D3-BF4B-00C04F79EFBC}") = "Entity", "Entity\Entity.csproj", "{493F6474-354E-431D-B1C7-52883D53E86F}"
EndProject
Project("{FAE04EC0-301F-11D3-BF4B-00C04F79EFBC}") = "Data", "Data\Data.csproj", "{42FB14C3-B8A9-4B45-912C-FCAC41BDA4B7}"
EndProject
Project("{FAE04EC0-301F-11D3-BF4B-00C04F79EFBC}") = "Common", "Common\Common.csproj", "{B00076D5-3E68-4079-A56E-454411644051}"
EndProject
Project("{2150E333-8FDC-42A3-9474-1A3956D46DE8}") = "Testing", "Testing", "{A580B0F7-703F-4A1A-BCBD-1A540A1833C2}"
EndProject
Project("{FAE04EC0-301F-11D3-BF4B-00C04F79EFBC}") = "BusinessTests", "BusinessTests\BusinessTests.csproj", "{B15A73C6-B088-4C43-8202-682E021DA75C}"
EndProject
Project("{FAE04EC0-301F-11D3-BF4B-00C04F79EFBC}") = "RESTFul", "RESTFul\RESTFul.csproj", "{FF730971-7470-4983-9E73-BDD263DAFEFB}"
EndProject
Project("{E24C65DC-7377-472B-9ABA-BC803B73C61A}") = "UI", "UI\", "{2CFA37E9-586F-4039-B81A-0F5FDDCC940F}"
	ProjectSection(WebsiteProperties) = preProject
		TargetFrameworkMoniker = ".NETFramework,Version%3Dv4.0"
		Debug.AspNetCompiler.VirtualPath = "/localhost_61363"
		Debug.AspNetCompiler.PhysicalPath = "UI\"
		Debug.AspNetCompiler.TargetPath = "PrecompiledWeb\localhost_61363\"
		Debug.AspNetCompiler.Updateable = "true"
		Debug.AspNetCompiler.ForceOverwrite = "true"
		Debug.AspNetCompiler.FixedNames = "false"
		Debug.AspNetCompiler.Debug = "True"
		Release.AspNetCompiler.VirtualPath = "/localhost_61363"
		Release.AspNetCompiler.PhysicalPath = "UI\"
		Release.AspNetCompiler.TargetPath = "PrecompiledWeb\localhost_61363\"
		Release.AspNetCompiler.Updateable = "true"
		Release.AspNetCompiler.ForceOverwrite = "true"
		Release.AspNetCompiler.FixedNames = "false"
		Release.AspNetCompiler.Debug = "False"
		VWDPort = "61363"
	EndProjectSection
EndProject
Global
	GlobalSection(SolutionConfigurationPlatforms) = preSolution
		Debug|Any CPU = Debug|Any CPU
		Release|Any CPU = Release|Any CPU
	EndGlobalSection
	GlobalSection(ProjectConfigurationPlatforms) = postSolution
		{493F6474-354E-431D-B1C7-52883D53E86F}.Debug|Any CPU.ActiveCfg = Debug|Any CPU
		{493F6474-354E-431D-B1C7-52883D53E86F}.Debug|Any CPU.Build.0 = Debug|Any CPU
		{493F6474-354E-431D-B1C7-52883D53E86F}.Release|Any CPU.ActiveCfg = Release|Any CPU
		{493F6474-354E-431D-B1C7-52883D53E86F}.Release|Any CPU.Build.0 = Release|Any CPU
		{42FB14C3-B8A9-4B45-912C-FCAC41BDA4B7}.Debug|Any CPU.ActiveCfg = Debug|Any CPU
		{42FB14C3-B8A9-4B45-912C-FCAC41BDA4B7}.Debug|Any CPU.Build.0 = Debug|Any CPU
		{42FB14C3-B8A9-4B45-912C-FCAC41BDA4B7}.Release|Any CPU.ActiveCfg = Release|Any CPU
		{42FB14C3-B8A9-4B45-912C-FCAC41BDA4B7}.Release|Any CPU.Build.0 = Release|Any CPU
		{B00076D5-3E68-4079-A56E-454411644051}.Debug|Any CPU.ActiveCfg = Debug|Any CPU
		{B00076D5-3E68-4079-A56E-454411644051}.Debug|Any CPU.Build.0 = Debug|Any CPU
		{B00076D5-3E68-4079-A56E-454411644051}.Release|Any CPU.ActiveCfg = Release|Any CPU
		{B00076D5-3E68-4079-A56E-454411644051}.Release|Any CPU.Build.0 = Release|Any CPU
		{B15A73C6-B088-4C43-8202-682E021DA75C}.Debug|Any CPU.ActiveCfg = Debug|Any CPU
		{B15A73C6-B088-4C43-8202-682E021DA75C}.Debug|Any CPU.Build.0 = Debug|Any CPU
		{B15A73C6-B088-4C43-8202-682E021DA75C}.Release|Any CPU.ActiveCfg = Release|Any CPU
		{B15A73C6-B088-4C43-8202-682E021DA75C}.Release|Any CPU.Build.0 = Release|Any CPU
		{FF730971-7470-4983-9E73-BDD263DAFEFB}.Debug|Any CPU.ActiveCfg = Debug|Any CPU
		{FF730971-7470-4983-9E73-BDD263DAFEFB}.Debug|Any CPU.Build.0 = Debug|Any CPU
		{FF730971-7470-4983-9E73-BDD263DAFEFB}.Release|Any CPU.ActiveCfg = Release|Any CPU
		{FF730971-7470-4983-9E73-BDD263DAFEFB}.Release|Any CPU.Build.0 = Release|Any CPU
		{2CFA37E9-586F-4039-B81A-0F5FDDCC940F}.Debug|Any CPU.ActiveCfg = Debug|Any CPU
		{2CFA37E9-586F-4039-B81A-0F5FDDCC940F}.Debug|Any CPU.Build.0 = Debug|Any CPU
		{2CFA37E9-586F-4039-B81A-0F5FDDCC940F}.Release|Any CPU.ActiveCfg = Debug|Any CPU
		{2CFA37E9-586F-4039-B81A-0F5FDDCC940F}.Release|Any CPU.Build.0 = Debug|Any CPU
	EndGlobalSection
	GlobalSection(SolutionProperties) = preSolution
		HideSolutionNode = FALSE
	EndGlobalSection
	GlobalSection(NestedProjects) = preSolution
		{B15A73C6-B088-4C43-8202-682E021DA75C} = {A580B0F7-703F-4A1A-BCBD-1A540A1833C2}
	EndGlobalSection
EndGlobal
